// !$*UTF8*$!
{
	archiveVersion = 1;
	classes = {
	};
	objectVersion = 46;
	objects = {

/* Begin PBXBuildFile section */
		1370CB661F221E640050A3CE /* GoogleService-Info.plist in Resources */ = {isa = PBXBuildFile; fileRef = 1370CB651F221E640050A3CE /* GoogleService-Info.plist */; };
		13B1EFE21F1F524B00948CC6 /* Channel.swift in Sources */ = {isa = PBXBuildFile; fileRef = 13B1EFE11F1F524B00948CC6 /* Channel.swift */; };
		13B1EFE41F1F525300948CC6 /* CreateChannelCell.swift in Sources */ = {isa = PBXBuildFile; fileRef = 13B1EFE31F1F525300948CC6 /* CreateChannelCell.swift */; };
		13B1EFEA1F20F70200948CC6 /* ReportMissedViewController.swift in Sources */ = {isa = PBXBuildFile; fileRef = 13B1EFE91F20F70200948CC6 /* ReportMissedViewController.swift */; };
		A00324DE1F1D102B00930E02 /* AppDelegate.swift in Sources */ = {isa = PBXBuildFile; fileRef = A00324DD1F1D102B00930E02 /* AppDelegate.swift */; };
		A00324E01F1D102B00930E02 /* SignInViewController.swift in Sources */ = {isa = PBXBuildFile; fileRef = A00324DF1F1D102B00930E02 /* SignInViewController.swift */; };
		A00324E31F1D102B00930E02 /* Main.storyboard in Resources */ = {isa = PBXBuildFile; fileRef = A00324E11F1D102B00930E02 /* Main.storyboard */; };
		A00324E51F1D102B00930E02 /* Assets.xcassets in Resources */ = {isa = PBXBuildFile; fileRef = A00324E41F1D102B00930E02 /* Assets.xcassets */; };
		A00324E81F1D102B00930E02 /* LaunchScreen.storyboard in Resources */ = {isa = PBXBuildFile; fileRef = A00324E61F1D102B00930E02 /* LaunchScreen.storyboard */; };
		A00324F51F1D11C600930E02 /* SignUpViewController.storyboard in Resources */ = {isa = PBXBuildFile; fileRef = A00324F41F1D11C600930E02 /* SignUpViewController.storyboard */; };
		A00324FA1F1D137400930E02 /* SignUpViewController.swift in Sources */ = {isa = PBXBuildFile; fileRef = A00324F91F1D137400930E02 /* SignUpViewController.swift */; };
		A00324FC1F1D1D9200930E02 /* MyAccountViewController.swift in Sources */ = {isa = PBXBuildFile; fileRef = A00324FB1F1D1D9200930E02 /* MyAccountViewController.swift */; };
		A00324FE1F1D1DA900930E02 /* MyAccountViewController.storyboard in Resources */ = {isa = PBXBuildFile; fileRef = A00324FD1F1D1DA900930E02 /* MyAccountViewController.storyboard */; };
		A00325001F1D1DFF00930E02 /* ServicesViewController.storyboard in Resources */ = {isa = PBXBuildFile; fileRef = A00324FF1F1D1DFF00930E02 /* ServicesViewController.storyboard */; };
		A00325021F1D1E1500930E02 /* ServicesViewController.swift in Sources */ = {isa = PBXBuildFile; fileRef = A00325011F1D1E1500930E02 /* ServicesViewController.swift */; };
		A00325041F1D1E2800930E02 /* AuthenticationViewController.swift in Sources */ = {isa = PBXBuildFile; fileRef = A00325031F1D1E2800930E02 /* AuthenticationViewController.swift */; };
		A00325061F1D1E3800930E02 /* AuthenticationViewController.storyboard in Resources */ = {isa = PBXBuildFile; fileRef = A00325051F1D1E3800930E02 /* AuthenticationViewController.storyboard */; };
		A00325081F1D1EFB00930E02 /* ChatPortViewController.swift in Sources */ = {isa = PBXBuildFile; fileRef = A00325071F1D1EFB00930E02 /* ChatPortViewController.swift */; };
		A003250A1F1D1F3500930E02 /* ChatViewController.storyboard in Resources */ = {isa = PBXBuildFile; fileRef = A00325091F1D1F3500930E02 /* ChatViewController.storyboard */; };
		A003250C1F1D1F6E00930E02 /* ChatChannelTableViewController.swift in Sources */ = {isa = PBXBuildFile; fileRef = A003250B1F1D1F6E00930E02 /* ChatChannelTableViewController.swift */; };
		A003250E1F1D1FBF00930E02 /* SettingsViewController.storyboard in Resources */ = {isa = PBXBuildFile; fileRef = A003250D1F1D1FBF00930E02 /* SettingsViewController.storyboard */; };
		A00325101F1D201800930E02 /* ServicesTableViewController.swift in Sources */ = {isa = PBXBuildFile; fileRef = A003250F1F1D201800930E02 /* ServicesTableViewController.swift */; };
		A00325121F1D4E5000930E02 /* Client.swift in Sources */ = {isa = PBXBuildFile; fileRef = A00325111F1D4E5000930E02 /* Client.swift */; };
		A003D6641F1E146A0011B3C4 /* mainConfigureAccountViewController.swift in Sources */ = {isa = PBXBuildFile; fileRef = A003D6631F1E146A0011B3C4 /* mainConfigureAccountViewController.swift */; };
		A003D6661F1E148A0011B3C4 /* memberConfigureAccountViewController.swift in Sources */ = {isa = PBXBuildFile; fileRef = A003D6651F1E148A0011B3C4 /* memberConfigureAccountViewController.swift */; };
		A003D6941F1ECB280011B3C4 /* ServicesTableViewCell.swift in Sources */ = {isa = PBXBuildFile; fileRef = A003D6931F1ECB280011B3C4 /* ServicesTableViewCell.swift */; };
		D022CF79CC511E560D4E1C5B /* Pods_NEW_OKOMAZ.framework in Frameworks */ = {isa = PBXBuildFile; fileRef = 4024B1413B0E41FC4335590A /* Pods_NEW_OKOMAZ.framework */; };
/* End PBXBuildFile section */

/* Begin PBXFileReference section */
		0C6C5CB25B4AE4C8906B8239 /* Pods-NEW_OKOMAZ.debug.xcconfig */ = {isa = PBXFileReference; includeInIndex = 1; lastKnownFileType = text.xcconfig; name = "Pods-NEW_OKOMAZ.debug.xcconfig"; path = "Pods/Target Support Files/Pods-NEW_OKOMAZ/Pods-NEW_OKOMAZ.debug.xcconfig"; sourceTree = "<group>"; };
		1370CB651F221E640050A3CE /* GoogleService-Info.plist */ = {isa = PBXFileReference; fileEncoding = 4; lastKnownFileType = text.plist.xml; path = "GoogleService-Info.plist"; sourceTree = "<group>"; };
		13B1EFE11F1F524B00948CC6 /* Channel.swift */ = {isa = PBXFileReference; fileEncoding = 4; lastKnownFileType = sourcecode.swift; path = Channel.swift; sourceTree = "<group>"; };
		13B1EFE31F1F525300948CC6 /* CreateChannelCell.swift */ = {isa = PBXFileReference; fileEncoding = 4; lastKnownFileType = sourcecode.swift; path = CreateChannelCell.swift; sourceTree = "<group>"; };
		13B1EFE91F20F70200948CC6 /* ReportMissedViewController.swift */ = {isa = PBXFileReference; fileEncoding = 4; lastKnownFileType = sourcecode.swift; path = ReportMissedViewController.swift; sourceTree = "<group>"; };
		4024B1413B0E41FC4335590A /* Pods_NEW_OKOMAZ.framework */ = {isa = PBXFileReference; explicitFileType = wrapper.framework; includeInIndex = 0; path = Pods_NEW_OKOMAZ.framework; sourceTree = BUILT_PRODUCTS_DIR; };
		A00324DA1F1D102B00930E02 /* NEW_OKOMAZ.app */ = {isa = PBXFileReference; explicitFileType = wrapper.application; includeInIndex = 0; path = NEW_OKOMAZ.app; sourceTree = BUILT_PRODUCTS_DIR; };
		A00324DD1F1D102B00930E02 /* AppDelegate.swift */ = {isa = PBXFileReference; lastKnownFileType = sourcecode.swift; name = AppDelegate.swift; path = NEW_OKOMAZ/AppDelegate.swift; sourceTree = "<group>"; };
		A00324DF1F1D102B00930E02 /* SignInViewController.swift */ = {isa = PBXFileReference; lastKnownFileType = sourcecode.swift; name = SignInViewController.swift; path = NEW_OKOMAZ/SignInViewController.swift; sourceTree = "<group>"; };
		A00324E21F1D102B00930E02 /* Base */ = {isa = PBXFileReference; lastKnownFileType = file.storyboard; name = Base; path = Base.lproj/Main.storyboard; sourceTree = "<group>"; };
		A00324E41F1D102B00930E02 /* Assets.xcassets */ = {isa = PBXFileReference; lastKnownFileType = folder.assetcatalog; name = Assets.xcassets; path = NEW_OKOMAZ/Assets.xcassets; sourceTree = "<group>"; };
		A00324E71F1D102B00930E02 /* Base */ = {isa = PBXFileReference; lastKnownFileType = file.storyboard; name = Base; path = Base.lproj/LaunchScreen.storyboard; sourceTree = "<group>"; };
		A00324E91F1D102B00930E02 /* Info.plist */ = {isa = PBXFileReference; lastKnownFileType = text.plist.xml; name = Info.plist; path = NEW_OKOMAZ/Info.plist; sourceTree = "<group>"; };
		A00324F41F1D11C600930E02 /* SignUpViewController.storyboard */ = {isa = PBXFileReference; fileEncoding = 4; lastKnownFileType = file.storyboard; path = SignUpViewController.storyboard; sourceTree = "<group>"; };
		A00324F91F1D137400930E02 /* SignUpViewController.swift */ = {isa = PBXFileReference; fileEncoding = 4; lastKnownFileType = sourcecode.swift; path = SignUpViewController.swift; sourceTree = "<group>"; };
		A00324FB1F1D1D9200930E02 /* MyAccountViewController.swift */ = {isa = PBXFileReference; fileEncoding = 4; lastKnownFileType = sourcecode.swift; path = MyAccountViewController.swift; sourceTree = "<group>"; };
		A00324FD1F1D1DA900930E02 /* MyAccountViewController.storyboard */ = {isa = PBXFileReference; fileEncoding = 4; lastKnownFileType = file.storyboard; path = MyAccountViewController.storyboard; sourceTree = "<group>"; };
		A00324FF1F1D1DFF00930E02 /* ServicesViewController.storyboard */ = {isa = PBXFileReference; fileEncoding = 4; lastKnownFileType = file.storyboard; path = ServicesViewController.storyboard; sourceTree = "<group>"; };
		A00325011F1D1E1500930E02 /* ServicesViewController.swift */ = {isa = PBXFileReference; fileEncoding = 4; lastKnownFileType = sourcecode.swift; path = ServicesViewController.swift; sourceTree = "<group>"; };
		A00325031F1D1E2800930E02 /* AuthenticationViewController.swift */ = {isa = PBXFileReference; fileEncoding = 4; lastKnownFileType = sourcecode.swift; path = AuthenticationViewController.swift; sourceTree = "<group>"; };
		A00325051F1D1E3800930E02 /* AuthenticationViewController.storyboard */ = {isa = PBXFileReference; fileEncoding = 4; lastKnownFileType = file.storyboard; path = AuthenticationViewController.storyboard; sourceTree = "<group>"; };
		A00325071F1D1EFB00930E02 /* ChatPortViewController.swift */ = {isa = PBXFileReference; fileEncoding = 4; lastKnownFileType = sourcecode.swift; path = ChatPortViewController.swift; sourceTree = "<group>"; };
		A00325091F1D1F3500930E02 /* ChatViewController.storyboard */ = {isa = PBXFileReference; fileEncoding = 4; lastKnownFileType = file.storyboard; path = ChatViewController.storyboard; sourceTree = "<group>"; };
		A003250B1F1D1F6E00930E02 /* ChatChannelTableViewController.swift */ = {isa = PBXFileReference; fileEncoding = 4; lastKnownFileType = sourcecode.swift; path = ChatChannelTableViewController.swift; sourceTree = "<group>"; };
		A003250D1F1D1FBF00930E02 /* SettingsViewController.storyboard */ = {isa = PBXFileReference; fileEncoding = 4; lastKnownFileType = file.storyboard; path = SettingsViewController.storyboard; sourceTree = "<group>"; };
		A003250F1F1D201800930E02 /* ServicesTableViewController.swift */ = {isa = PBXFileReference; fileEncoding = 4; lastKnownFileType = sourcecode.swift; path = ServicesTableViewController.swift; sourceTree = "<group>"; };
		A00325111F1D4E5000930E02 /* Client.swift */ = {isa = PBXFileReference; fileEncoding = 4; lastKnownFileType = sourcecode.swift; path = Client.swift; sourceTree = "<group>"; };
		A003D6631F1E146A0011B3C4 /* mainConfigureAccountViewController.swift */ = {isa = PBXFileReference; fileEncoding = 4; lastKnownFileType = sourcecode.swift; path = mainConfigureAccountViewController.swift; sourceTree = "<group>"; };
		A003D6651F1E148A0011B3C4 /* memberConfigureAccountViewController.swift */ = {isa = PBXFileReference; fileEncoding = 4; lastKnownFileType = sourcecode.swift; path = memberConfigureAccountViewController.swift; sourceTree = "<group>"; };
		A003D6931F1ECB280011B3C4 /* ServicesTableViewCell.swift */ = {isa = PBXFileReference; fileEncoding = 4; lastKnownFileType = sourcecode.swift; path = ServicesTableViewCell.swift; sourceTree = "<group>"; };
		E499D91DE1C3743B409B29A2 /* Pods-NEW_OKOMAZ.release.xcconfig */ = {isa = PBXFileReference; includeInIndex = 1; lastKnownFileType = text.xcconfig; name = "Pods-NEW_OKOMAZ.release.xcconfig"; path = "Pods/Target Support Files/Pods-NEW_OKOMAZ/Pods-NEW_OKOMAZ.release.xcconfig"; sourceTree = "<group>"; };
/* End PBXFileReference section */

/* Begin PBXFrameworksBuildPhase section */
		A00324D71F1D102B00930E02 /* Frameworks */ = {
			isa = PBXFrameworksBuildPhase;
			buildActionMask = 2147483647;
			files = (
				D022CF79CC511E560D4E1C5B /* Pods_NEW_OKOMAZ.framework in Frameworks */,
			);
			runOnlyForDeploymentPostprocessing = 0;
		};
/* End PBXFrameworksBuildPhase section */

/* Begin PBXGroup section */
		76FF6CB0A9E9040184838C9A /* Pods */ = {
			isa = PBXGroup;
			children = (
				0C6C5CB25B4AE4C8906B8239 /* Pods-NEW_OKOMAZ.debug.xcconfig */,
				E499D91DE1C3743B409B29A2 /* Pods-NEW_OKOMAZ.release.xcconfig */,
			);
			name = Pods;
			sourceTree = "<group>";
		};
		A00324D11F1D102B00930E02 = {
			isa = PBXGroup;
			children = (
				A00325111F1D4E5000930E02 /* Client.swift */,
				A00324DD1F1D102B00930E02 /* AppDelegate.swift */,
				A00324E41F1D102B00930E02 /* Assets.xcassets */,
				A00324E61F1D102B00930E02 /* LaunchScreen.storyboard */,
				1370CB651F221E640050A3CE /* GoogleService-Info.plist */,
				A00324E91F1D102B00930E02 /* Info.plist */,
				A00324EF1F1D107D00930E02 /* SignIn */,
				A00324DC1F1D102B00930E02 /* SignUp */,
				A00324F21F1D118900930E02 /* MyAccount */,
				A00324F31F1D11A900930E02 /* Services */,
				A00324F61F1D11E300930E02 /* Authentication */,
				A00324F71F1D125300930E02 /* Chat */,
				A00324F81F1D127A00930E02 /* Settings */,
				A00324DB1F1D102B00930E02 /* Products */,
				76FF6CB0A9E9040184838C9A /* Pods */,
				B8510748EB37F497CBA3693E /* Frameworks */,
			);
			sourceTree = "<group>";
		};
		A00324DB1F1D102B00930E02 /* Products */ = {
			isa = PBXGroup;
			children = (
				A00324DA1F1D102B00930E02 /* NEW_OKOMAZ.app */,
			);
			name = Products;
			sourceTree = "<group>";
		};
		A00324DC1F1D102B00930E02 /* SignUp */ = {
			isa = PBXGroup;
			children = (
				A00324F41F1D11C600930E02 /* SignUpViewController.storyboard */,
				A00324F91F1D137400930E02 /* SignUpViewController.swift */,
			);
			name = SignUp;
			path = NEW_OKOMAZ;
			sourceTree = "<group>";
		};
		A00324EF1F1D107D00930E02 /* SignIn */ = {
			isa = PBXGroup;
			children = (
				A00324E11F1D102B00930E02 /* Main.storyboard */,
				A00324DF1F1D102B00930E02 /* SignInViewController.swift */,
			);
			name = SignIn;
			sourceTree = "<group>";
		};
		A00324F21F1D118900930E02 /* MyAccount */ = {
			isa = PBXGroup;
			children = (
				A00324FD1F1D1DA900930E02 /* MyAccountViewController.storyboard */,
				A00324FB1F1D1D9200930E02 /* MyAccountViewController.swift */,
				A003D6631F1E146A0011B3C4 /* mainConfigureAccountViewController.swift */,
				A003D6651F1E148A0011B3C4 /* memberConfigureAccountViewController.swift */,
			);
			name = MyAccount;
			sourceTree = "<group>";
		};
		A00324F31F1D11A900930E02 /* Services */ = {
			isa = PBXGroup;
			children = (
				A00324FF1F1D1DFF00930E02 /* ServicesViewController.storyboard */,
				13B1EFE91F20F70200948CC6 /* ReportMissedViewController.swift */,
				A00325011F1D1E1500930E02 /* ServicesViewController.swift */,
				A003250F1F1D201800930E02 /* ServicesTableViewController.swift */,
				A003D6931F1ECB280011B3C4 /* ServicesTableViewCell.swift */,
			);
			name = Services;
			sourceTree = "<group>";
		};
		A00324F61F1D11E300930E02 /* Authentication */ = {
			isa = PBXGroup;
			children = (
				A00325031F1D1E2800930E02 /* AuthenticationViewController.swift */,
				A00325051F1D1E3800930E02 /* AuthenticationViewController.storyboard */,
			);
			name = Authentication;
			sourceTree = "<group>";
		};
		A00324F71F1D125300930E02 /* Chat */ = {
			isa = PBXGroup;
			children = (
				13B1EFE31F1F525300948CC6 /* CreateChannelCell.swift */,
				13B1EFE11F1F524B00948CC6 /* Channel.swift */,
				A00325071F1D1EFB00930E02 /* ChatPortViewController.swift */,
				A00325091F1D1F3500930E02 /* ChatViewController.storyboard */,
				A003250B1F1D1F6E00930E02 /* ChatChannelTableViewController.swift */,
			);
			name = Chat;
			sourceTree = "<group>";
		};
		A00324F81F1D127A00930E02 /* Settings */ = {
			isa = PBXGroup;
			children = (
				A003250D1F1D1FBF00930E02 /* SettingsViewController.storyboard */,
			);
			name = Settings;
			sourceTree = "<group>";
		};
		B8510748EB37F497CBA3693E /* Frameworks */ = {
			isa = PBXGroup;
			children = (
				4024B1413B0E41FC4335590A /* Pods_NEW_OKOMAZ.framework */,
			);
			name = Frameworks;
			sourceTree = "<group>";
		};
/* End PBXGroup section */

/* Begin PBXNativeTarget section */
		A00324D91F1D102B00930E02 /* NEW_OKOMAZ */ = {
			isa = PBXNativeTarget;
			buildConfigurationList = A00324EC1F1D102B00930E02 /* Build configuration list for PBXNativeTarget "NEW_OKOMAZ" */;
			buildPhases = (
				789907AB97EE817471CCAE13 /* [CP] Check Pods Manifest.lock */,
				A00324D61F1D102B00930E02 /* Sources */,
				A00324D71F1D102B00930E02 /* Frameworks */,
				A00324D81F1D102B00930E02 /* Resources */,
				78F90F8BFD0316302821F4EF /* [CP] Embed Pods Frameworks */,
				90769F1CFFB6166DD9E7E1FF /* [CP] Copy Pods Resources */,
			);
			buildRules = (
			);
			dependencies = (
			);
			name = NEW_OKOMAZ;
			productName = NEW_OKOMAZ;
			productReference = A00324DA1F1D102B00930E02 /* NEW_OKOMAZ.app */;
			productType = "com.apple.product-type.application";
		};
/* End PBXNativeTarget section */

/* Begin PBXProject section */
		A00324D21F1D102B00930E02 /* Project object */ = {
			isa = PBXProject;
			attributes = {
				LastSwiftUpdateCheck = 0830;
				LastUpgradeCheck = 0830;
				ORGANIZATIONNAME = "Ally Mahmoud";
				TargetAttributes = {
					A00324D91F1D102B00930E02 = {
						CreatedOnToolsVersion = 8.3.1;
						DevelopmentTeam = FM2EY39XWE;
						ProvisioningStyle = Automatic;
					};
				};
			};
			buildConfigurationList = A00324D51F1D102B00930E02 /* Build configuration list for PBXProject "NEW_OKOMAZ" */;
			compatibilityVersion = "Xcode 3.2";
			developmentRegion = English;
			hasScannedForEncodings = 0;
			knownRegions = (
				en,
				Base,
			);
			mainGroup = A00324D11F1D102B00930E02;
			productRefGroup = A00324DB1F1D102B00930E02 /* Products */;
			projectDirPath = "";
			projectRoot = "";
			targets = (
				A00324D91F1D102B00930E02 /* NEW_OKOMAZ */,
			);
		};
/* End PBXProject section */

/* Begin PBXResourcesBuildPhase section */
		A00324D81F1D102B00930E02 /* Resources */ = {
			isa = PBXResourcesBuildPhase;
			buildActionMask = 2147483647;
			files = (
				A00324E81F1D102B00930E02 /* LaunchScreen.storyboard in Resources */,
				A00324F51F1D11C600930E02 /* SignUpViewController.storyboard in Resources */,
				A00324E51F1D102B00930E02 /* Assets.xcassets in Resources */,
				A003250A1F1D1F3500930E02 /* ChatViewController.storyboard in Resources */,
				A00325061F1D1E3800930E02 /* AuthenticationViewController.storyboard in Resources */,
				A00325001F1D1DFF00930E02 /* ServicesViewController.storyboard in Resources */,
				A00324E31F1D102B00930E02 /* Main.storyboard in Resources */,
				1370CB661F221E640050A3CE /* GoogleService-Info.plist in Resources */,
				A003250E1F1D1FBF00930E02 /* SettingsViewController.storyboard in Resources */,
				A00324FE1F1D1DA900930E02 /* MyAccountViewController.storyboard in Resources */,
			);
			runOnlyForDeploymentPostprocessing = 0;
		};
/* End PBXResourcesBuildPhase section */

/* Begin PBXShellScriptBuildPhase section */
		789907AB97EE817471CCAE13 /* [CP] Check Pods Manifest.lock */ = {
			isa = PBXShellScriptBuildPhase;
			buildActionMask = 2147483647;
			files = (
			);
			inputPaths = (
			);
			name = "[CP] Check Pods Manifest.lock";
			outputPaths = (
			);
			runOnlyForDeploymentPostprocessing = 0;
			shellPath = /bin/sh;
			shellScript = "diff \"${PODS_PODFILE_DIR_PATH}/Podfile.lock\" \"${PODS_ROOT}/Manifest.lock\" > /dev/null\nif [ $? != 0 ] ; then\n    # print error to STDERR\n    echo \"error: The sandbox is not in sync with the Podfile.lock. Run 'pod install' or update your CocoaPods installation.\" >&2\n    exit 1\nfi\n";
			showEnvVarsInLog = 0;
		};
		78F90F8BFD0316302821F4EF /* [CP] Embed Pods Frameworks */ = {
			isa = PBXShellScriptBuildPhase;
			buildActionMask = 2147483647;
			files = (
			);
			inputPaths = (
			);
			name = "[CP] Embed Pods Frameworks";
			outputPaths = (
			);
			runOnlyForDeploymentPostprocessing = 0;
			shellPath = /bin/sh;
			shellScript = "\"${SRCROOT}/Pods/Target Support Files/Pods-NEW_OKOMAZ/Pods-NEW_OKOMAZ-frameworks.sh\"\n";
			showEnvVarsInLog = 0;
		};
		90769F1CFFB6166DD9E7E1FF /* [CP] Copy Pods Resources */ = {
			isa = PBXShellScriptBuildPhase;
			buildActionMask = 2147483647;
			files = (
			);
			inputPaths = (
			);
			name = "[CP] Copy Pods Resources";
			outputPaths = (
			);
			runOnlyForDeploymentPostprocessing = 0;
			shellPath = /bin/sh;
			shellScript = "\"${SRCROOT}/Pods/Target Support Files/Pods-NEW_OKOMAZ/Pods-NEW_OKOMAZ-resources.sh\"\n";
			showEnvVarsInLog = 0;
		};
/* End PBXShellScriptBuildPhase section */

/* Begin PBXSourcesBuildPhase section */
		A00324D61F1D102B00930E02 /* Sources */ = {
			isa = PBXSourcesBuildPhase;
			buildActionMask = 2147483647;
			files = (
				A00324E01F1D102B00930E02 /* SignInViewController.swift in Sources */,
				A00324DE1F1D102B00930E02 /* AppDelegate.swift in Sources */,
				A00324FC1F1D1D9200930E02 /* MyAccountViewController.swift in Sources */,
				A00325021F1D1E1500930E02 /* ServicesViewController.swift in Sources */,
				A00325041F1D1E2800930E02 /* AuthenticationViewController.swift in Sources */,
				A00324FA1F1D137400930E02 /* SignUpViewController.swift in Sources */,
				13B1EFEA1F20F70200948CC6 /* ReportMissedViewController.swift in Sources */,
				A00325081F1D1EFB00930E02 /* ChatPortViewController.swift in Sources */,
				13B1EFE21F1F524B00948CC6 /* Channel.swift in Sources */,
				A003D6661F1E148A0011B3C4 /* memberConfigureAccountViewController.swift in Sources */,
				A003D6941F1ECB280011B3C4 /* ServicesTableViewCell.swift in Sources */,
				A00325101F1D201800930E02 /* ServicesTableViewController.swift in Sources */,
				A00325121F1D4E5000930E02 /* Client.swift in Sources */,
				A003250C1F1D1F6E00930E02 /* ChatChannelTableViewController.swift in Sources */,
				A003D6641F1E146A0011B3C4 /* mainConfigureAccountViewController.swift in Sources */,
				13B1EFE41F1F525300948CC6 /* CreateChannelCell.swift in Sources */,
			);
			runOnlyForDeploymentPostprocessing = 0;
		};
/* End PBXSourcesBuildPhase section */

/* Begin PBXVariantGroup section */
		A00324E11F1D102B00930E02 /* Main.storyboard */ = {
			isa = PBXVariantGroup;
			children = (
				A00324E21F1D102B00930E02 /* Base */,
			);
			name = Main.storyboard;
			path = NEW_OKOMAZ;
			sourceTree = "<group>";
		};
		A00324E61F1D102B00930E02 /* LaunchScreen.storyboard */ = {
			isa = PBXVariantGroup;
			children = (
				A00324E71F1D102B00930E02 /* Base */,
			);
			name = LaunchScreen.storyboard;
			path = NEW_OKOMAZ;
			sourceTree = "<group>";
		};
/* End PBXVariantGroup section */

/* Begin XCBuildConfiguration section */
		A00324EA1F1D102B00930E02 /* Debug */ = {
			isa = XCBuildConfiguration;
			buildSettings = {
				ALWAYS_SEARCH_USER_PATHS = NO;
				CLANG_ANALYZER_NONNULL = YES;
				CLANG_ANALYZER_NUMBER_OBJECT_CONVERSION = YES_AGGRESSIVE;
				CLANG_CXX_LANGUAGE_STANDARD = "gnu++0x";
				CLANG_CXX_LIBRARY = "libc++";
				CLANG_ENABLE_MODULES = YES;
				CLANG_ENABLE_OBJC_ARC = YES;
				CLANG_WARN_BOOL_CONVERSION = YES;
				CLANG_WARN_CONSTANT_CONVERSION = YES;
				CLANG_WARN_DIRECT_OBJC_ISA_USAGE = YES_ERROR;
				CLANG_WARN_DOCUMENTATION_COMMENTS = YES;
				CLANG_WARN_EMPTY_BODY = YES;
				CLANG_WARN_ENUM_CONVERSION = YES;
				CLANG_WARN_INFINITE_RECURSION = YES;
				CLANG_WARN_INT_CONVERSION = YES;
				CLANG_WARN_OBJC_ROOT_CLASS = YES_ERROR;
				CLANG_WARN_SUSPICIOUS_MOVE = YES;
				CLANG_WARN_UNREACHABLE_CODE = YES;
				CLANG_WARN__DUPLICATE_METHOD_MATCH = YES;
				"CODE_SIGN_IDENTITY[sdk=iphoneos*]" = "iPhone Developer";
				COPY_PHASE_STRIP = NO;
				DEBUG_INFORMATION_FORMAT = dwarf;
				ENABLE_STRICT_OBJC_MSGSEND = YES;
				ENABLE_TESTABILITY = YES;
				GCC_C_LANGUAGE_STANDARD = gnu99;
				GCC_DYNAMIC_NO_PIC = NO;
				GCC_NO_COMMON_BLOCKS = YES;
				GCC_OPTIMIZATION_LEVEL = 0;
				GCC_PREPROCESSOR_DEFINITIONS = (
					"DEBUG=1",
					"$(inherited)",
				);
				GCC_WARN_64_TO_32_BIT_CONVERSION = YES;
				GCC_WARN_ABOUT_RETURN_TYPE = YES_ERROR;
				GCC_WARN_UNDECLARED_SELECTOR = YES;
				GCC_WARN_UNINITIALIZED_AUTOS = YES_AGGRESSIVE;
				GCC_WARN_UNUSED_FUNCTION = YES;
				GCC_WARN_UNUSED_VARIABLE = YES;
				IPHONEOS_DEPLOYMENT_TARGET = 10.3;
				MTL_ENABLE_DEBUG_INFO = YES;
				ONLY_ACTIVE_ARCH = YES;
				SDKROOT = iphoneos;
				SWIFT_ACTIVE_COMPILATION_CONDITIONS = DEBUG;
				SWIFT_OPTIMIZATION_LEVEL = "-Onone";
				TARGETED_DEVICE_FAMILY = "1,2";
			};
			name = Debug;
		};
		A00324EB1F1D102B00930E02 /* Release */ = {
			isa = XCBuildConfiguration;
			buildSettings = {
				ALWAYS_SEARCH_USER_PATHS = NO;
				CLANG_ANALYZER_NONNULL = YES;
				CLANG_ANALYZER_NUMBER_OBJECT_CONVERSION = YES_AGGRESSIVE;
				CLANG_CXX_LANGUAGE_STANDARD = "gnu++0x";
				CLANG_CXX_LIBRARY = "libc++";
				CLANG_ENABLE_MODULES = YES;
				CLANG_ENABLE_OBJC_ARC = YES;
				CLANG_WARN_BOOL_CONVERSION = YES;
				CLANG_WARN_CONSTANT_CONVERSION = YES;
				CLANG_WARN_DIRECT_OBJC_ISA_USAGE = YES_ERROR;
				CLANG_WARN_DOCUMENTATION_COMMENTS = YES;
				CLANG_WARN_EMPTY_BODY = YES;
				CLANG_WARN_ENUM_CONVERSION = YES;
				CLANG_WARN_INFINITE_RECURSION = YES;
				CLANG_WARN_INT_CONVERSION = YES;
				CLANG_WARN_OBJC_ROOT_CLASS = YES_ERROR;
				CLANG_WARN_SUSPICIOUS_MOVE = YES;
				CLANG_WARN_UNREACHABLE_CODE = YES;
				CLANG_WARN__DUPLICATE_METHOD_MATCH = YES;
				"CODE_SIGN_IDENTITY[sdk=iphoneos*]" = "iPhone Developer";
				COPY_PHASE_STRIP = NO;
				DEBUG_INFORMATION_FORMAT = "dwarf-with-dsym";
				ENABLE_NS_ASSERTIONS = NO;
				ENABLE_STRICT_OBJC_MSGSEND = YES;
				GCC_C_LANGUAGE_STANDARD = gnu99;
				GCC_NO_COMMON_BLOCKS = YES;
				GCC_WARN_64_TO_32_BIT_CONVERSION = YES;
				GCC_WARN_ABOUT_RETURN_TYPE = YES_ERROR;
				GCC_WARN_UNDECLARED_SELECTOR = YES;
				GCC_WARN_UNINITIALIZED_AUTOS = YES_AGGRESSIVE;
				GCC_WARN_UNUSED_FUNCTION = YES;
				GCC_WARN_UNUSED_VARIABLE = YES;
				IPHONEOS_DEPLOYMENT_TARGET = 10.3;
				MTL_ENABLE_DEBUG_INFO = NO;
				SDKROOT = iphoneos;
				SWIFT_OPTIMIZATION_LEVEL = "-Owholemodule";
				TARGETED_DEVICE_FAMILY = "1,2";
				VALIDATE_PRODUCT = YES;
			};
			name = Release;
		};
		A00324ED1F1D102B00930E02 /* Debug */ = {
			isa = XCBuildConfiguration;
			baseConfigurationReference = 0C6C5CB25B4AE4C8906B8239 /* Pods-NEW_OKOMAZ.debug.xcconfig */;
			buildSettings = {
				ASSETCATALOG_COMPILER_APPICON_NAME = AppIcon;
				DEVELOPMENT_TEAM = FM2EY39XWE;
				INFOPLIST_FILE = NEW_OKOMAZ/Info.plist;
				LD_RUNPATH_SEARCH_PATHS = "$(inherited) @executable_path/Frameworks";
				PRODUCT_BUNDLE_IDENTIFIER = "com.superbluebird.NEW-OKOMAZ";
				PRODUCT_NAME = "$(TARGET_NAME)";
				SWIFT_VERSION = 3.0;
			};
			name = Debug;
		};
		A00324EE1F1D102B00930E02 /* Release */ = {
			isa = XCBuildConfiguration;
			baseConfigurationReference = E499D91DE1C3743B409B29A2 /* Pods-NEW_OKOMAZ.release.xcconfig */;
			buildSettings = {
				ASSETCATALOG_COMPILER_APPICON_NAME = AppIcon;
				DEVELOPMENT_TEAM = FM2EY39XWE;
				INFOPLIST_FILE = NEW_OKOMAZ/Info.plist;
				LD_RUNPATH_SEARCH_PATHS = "$(inherited) @executable_path/Frameworks";
				PRODUCT_BUNDLE_IDENTIFIER = "com.superbluebird.NEW-OKOMAZ";
				PRODUCT_NAME = "$(TARGET_NAME)";
				SWIFT_VERSION = 3.0;
			};
			name = Release;
		};
/* End XCBuildConfiguration section */

/* Begin XCConfigurationList section */
		A00324D51F1D102B00930E02 /* Build configuration list for PBXProject "NEW_OKOMAZ" */ = {
			isa = XCConfigurationList;
			buildConfigurations = (
				A00324EA1F1D102B00930E02 /* Debug */,
				A00324EB1F1D102B00930E02 /* Release */,
			);
			defaultConfigurationIsVisible = 0;
			defaultConfigurationName = Release;
		};
		A00324EC1F1D102B00930E02 /* Build configuration list for PBXNativeTarget "NEW_OKOMAZ" */ = {
			isa = XCConfigurationList;
			buildConfigurations = (
				A00324ED1F1D102B00930E02 /* Debug */,
				A00324EE1F1D102B00930E02 /* Release */,
			);
			defaultConfigurationIsVisible = 0;
			defaultConfigurationName = Release;
		};
/* End XCConfigurationList section */
	};
	rootObject = A00324D21F1D102B00930E02 /* Project object */;
}
